// !$*UTF8*$!
{
	archiveVersion = 1;
	classes = {
	};
	objectVersion = 46;
	objects = {

/* Begin PBXBuildFile section */
		101142511E16E661004E2E5B /* UserInfoViewCell.swift in Sources */ = {isa = PBXBuildFile; fileRef = 101142501E16E661004E2E5B /* UserInfoViewCell.swift */; };
		105977A81E16EB5700FB3E73 /* ProfileUserImageViewCell.swift in Sources */ = {isa = PBXBuildFile; fileRef = 105977A71E16EB5700FB3E73 /* ProfileUserImageViewCell.swift */; };
		105977AA1E16EC4D00FB3E73 /* EditUserInfoViewController.swift in Sources */ = {isa = PBXBuildFile; fileRef = 105977A91E16EC4D00FB3E73 /* EditUserInfoViewController.swift */; };
		10DD850E1E188AB80081ECAD /* String+Validation.swift in Sources */ = {isa = PBXBuildFile; fileRef = 10DD850D1E188AB80081ECAD /* String+Validation.swift */; };
		10DD85101E188E480081ECAD /* AlertHelper.swift in Sources */ = {isa = PBXBuildFile; fileRef = 10DD850F1E188E480081ECAD /* AlertHelper.swift */; };
		10DD85121E1B04430081ECAD /* SharePostViewController.swift in Sources */ = {isa = PBXBuildFile; fileRef = 10DD85111E1B04430081ECAD /* SharePostViewController.swift */; };
		10FD1D811E21B127008EB854 /* Notification+Name.swift in Sources */ = {isa = PBXBuildFile; fileRef = 10FD1D801E21B127008EB854 /* Notification+Name.swift */; };
		CBBB29A49887E2D6F57721FD /* Pods_one.framework in Frameworks */ = {isa = PBXBuildFile; fileRef = AA397AD4C3420AC88AEE05D9 /* Pods_one.framework */; };
		DB1928841E284BF900F2ADD3 /* CommentViewCellModel.swift in Sources */ = {isa = PBXBuildFile; fileRef = DB1928831E284BF900F2ADD3 /* CommentViewCellModel.swift */; };
		DB1E55591E30237300D4AC26 /* HashtagCollectionViewController.swift in Sources */ = {isa = PBXBuildFile; fileRef = DB1E55581E30237300D4AC26 /* HashtagCollectionViewController.swift */; };
		DB37518B1E24587B00D3EBDE /* CommentViewController.swift in Sources */ = {isa = PBXBuildFile; fileRef = DB37518A1E24587B00D3EBDE /* CommentViewController.swift */; };
		DB37518D1E24591F00D3EBDE /* CommentViewCell.swift in Sources */ = {isa = PBXBuildFile; fileRef = DB37518C1E24591F00D3EBDE /* CommentViewCell.swift */; };
		DB5708841E08A31B005AA367 /* AppDelegate.swift in Sources */ = {isa = PBXBuildFile; fileRef = DB5708831E08A31B005AA367 /* AppDelegate.swift */; };
		DB5708891E08A31B005AA367 /* Main.storyboard in Resources */ = {isa = PBXBuildFile; fileRef = DB5708871E08A31B005AA367 /* Main.storyboard */; };
		DB57088B1E08A31B005AA367 /* Assets.xcassets in Resources */ = {isa = PBXBuildFile; fileRef = DB57088A1E08A31B005AA367 /* Assets.xcassets */; };
		DB57088E1E08A31B005AA367 /* LaunchScreen.storyboard in Resources */ = {isa = PBXBuildFile; fileRef = DB57088C1E08A31B005AA367 /* LaunchScreen.storyboard */; };
		DB5708971E08A412005AA367 /* libsqlite3.tbd in Frameworks */ = {isa = PBXBuildFile; fileRef = DB5708961E08A412005AA367 /* libsqlite3.tbd */; };
		DB5708991E08A418005AA367 /* libz.tbd in Frameworks */ = {isa = PBXBuildFile; fileRef = DB5708981E08A418005AA367 /* libz.tbd */; };
		DB57089B1E08A41E005AA367 /* AudioToolbox.framework in Frameworks */ = {isa = PBXBuildFile; fileRef = DB57089A1E08A41E005AA367 /* AudioToolbox.framework */; };
		DB57089D1E08A424005AA367 /* CFNetwork.framework in Frameworks */ = {isa = PBXBuildFile; fileRef = DB57089C1E08A424005AA367 /* CFNetwork.framework */; };
		DB57089F1E08A42B005AA367 /* CoreGraphics.framework in Frameworks */ = {isa = PBXBuildFile; fileRef = DB57089E1E08A42B005AA367 /* CoreGraphics.framework */; };
		DB5708A11E08A434005AA367 /* CoreLocation.framework in Frameworks */ = {isa = PBXBuildFile; fileRef = DB5708A01E08A434005AA367 /* CoreLocation.framework */; };
		DB5708A31E08A43B005AA367 /* QuartzCore.framework in Frameworks */ = {isa = PBXBuildFile; fileRef = DB5708A21E08A43B005AA367 /* QuartzCore.framework */; };
		DB5708A51E08A440005AA367 /* Security.framework in Frameworks */ = {isa = PBXBuildFile; fileRef = DB5708A41E08A440005AA367 /* Security.framework */; };
		DB5708A71E08A446005AA367 /* StoreKit.framework in Frameworks */ = {isa = PBXBuildFile; fileRef = DB5708A61E08A446005AA367 /* StoreKit.framework */; };
		DB5708A91E08A44B005AA367 /* SystemConfiguration.framework in Frameworks */ = {isa = PBXBuildFile; fileRef = DB5708A81E08A44B005AA367 /* SystemConfiguration.framework */; };
		DB5708AC1E08A504005AA367 /* Bolts.framework in Frameworks */ = {isa = PBXBuildFile; fileRef = DB5708AA1E08A504005AA367 /* Bolts.framework */; };
		DB5708AD1E08A504005AA367 /* Parse.framework in Frameworks */ = {isa = PBXBuildFile; fileRef = DB5708AB1E08A504005AA367 /* Parse.framework */; };
		DB6240E11E1C623D000B5CA9 /* PostViewController.swift in Sources */ = {isa = PBXBuildFile; fileRef = DB6240E01E1C623D000B5CA9 /* PostViewController.swift */; };
		DB6240E31E1C654E000B5CA9 /* PostHeaderViewCell.swift in Sources */ = {isa = PBXBuildFile; fileRef = DB6240E21E1C654E000B5CA9 /* PostHeaderViewCell.swift */; };
		DB68AE631E2EF21200852BAE /* HashtagConstant.swift in Sources */ = {isa = PBXBuildFile; fileRef = DB68AE621E2EF21200852BAE /* HashtagConstant.swift */; };
		DBA7A2ED1E39672E00244EB0 /* SearchViewCell.swift in Sources */ = {isa = PBXBuildFile; fileRef = DBA7A2EC1E39672E00244EB0 /* SearchViewCell.swift */; };
		DBA7A2EF1E39677600244EB0 /* SearchTableViewController.swift in Sources */ = {isa = PBXBuildFile; fileRef = DBA7A2EE1E39677600244EB0 /* SearchTableViewController.swift */; };
		DBBB93501E32E1AE00D96DD4 /* FeedViewController.swift in Sources */ = {isa = PBXBuildFile; fileRef = DBBB934F1E32E1AE00D96DD4 /* FeedViewController.swift */; };
		DBC66B921E25B02E00AF2143 /* CommentsConstant.swift in Sources */ = {isa = PBXBuildFile; fileRef = DBC66B911E25B02E00AF2143 /* CommentsConstant.swift */; };
		DBD444641E15C15D00BCE97A /* FollowViewCell.swift in Sources */ = {isa = PBXBuildFile; fileRef = DBD444611E15C15D00BCE97A /* FollowViewCell.swift */; };
		DBD444651E15C15D00BCE97A /* HomeHeaderCollectionView.swift in Sources */ = {isa = PBXBuildFile; fileRef = DBD444621E15C15D00BCE97A /* HomeHeaderCollectionView.swift */; };
		DBD444661E15C15D00BCE97A /* PictureCollectionViewCell.swift in Sources */ = {isa = PBXBuildFile; fileRef = DBD444631E15C15D00BCE97A /* PictureCollectionViewCell.swift */; };
		DBD4446A1E15C16500BCE97A /* FollowConstant.swift in Sources */ = {isa = PBXBuildFile; fileRef = DBD444671E15C16500BCE97A /* FollowConstant.swift */; };
		DBD4446B1E15C16500BCE97A /* InfoConstant.swift in Sources */ = {isa = PBXBuildFile; fileRef = DBD444681E15C16500BCE97A /* InfoConstant.swift */; };
		DBD4446C1E15C16500BCE97A /* UserInfoHelpers.swift in Sources */ = {isa = PBXBuildFile; fileRef = DBD444691E15C16500BCE97A /* UserInfoHelpers.swift */; };
		DBD444741E15C16F00BCE97A /* FollowingViewController.swift in Sources */ = {isa = PBXBuildFile; fileRef = DBD4446D1E15C16F00BCE97A /* FollowingViewController.swift */; };
		DBD444751E15C16F00BCE97A /* HomeCollectionViewController.swift in Sources */ = {isa = PBXBuildFile; fileRef = DBD4446E1E15C16F00BCE97A /* HomeCollectionViewController.swift */; };
		DBD444761E15C16F00BCE97A /* FollowersViewController.swift in Sources */ = {isa = PBXBuildFile; fileRef = DBD4446F1E15C16F00BCE97A /* FollowersViewController.swift */; };
		DBD444771E15C16F00BCE97A /* SignUpViewController.swift in Sources */ = {isa = PBXBuildFile; fileRef = DBD444701E15C16F00BCE97A /* SignUpViewController.swift */; };
		DBD444781E15C16F00BCE97A /* SignInViewController.swift in Sources */ = {isa = PBXBuildFile; fileRef = DBD444711E15C16F00BCE97A /* SignInViewController.swift */; };
		DBD444791E15C16F00BCE97A /* GuestCollectionViewController.swift in Sources */ = {isa = PBXBuildFile; fileRef = DBD444721E15C16F00BCE97A /* GuestCollectionViewController.swift */; };
		DBD4447A1E15C16F00BCE97A /* ResetPasswordViewController.swift in Sources */ = {isa = PBXBuildFile; fileRef = DBD444731E15C16F00BCE97A /* ResetPasswordViewController.swift */; };
		DBD4447D1E15C2F100BCE97A /* UIColor+OneColor.swift in Sources */ = {isa = PBXBuildFile; fileRef = DBD4447C1E15C2F100BCE97A /* UIColor+OneColor.swift */; };
		DBD4447F1E15CA4200BCE97A /* IdentifierConstant.swift in Sources */ = {isa = PBXBuildFile; fileRef = DBD4447E1E15CA4200BCE97A /* IdentifierConstant.swift */; };
		DBD444811E15CFF500BCE97A /* PostConstant.swift in Sources */ = {isa = PBXBuildFile; fileRef = DBD444801E15CFF500BCE97A /* PostConstant.swift */; };
		DBD8D8191E1F063500CF6685 /* TabBarController.swift in Sources */ = {isa = PBXBuildFile; fileRef = DBD8D8181E1F063500CF6685 /* TabBarController.swift */; };
		DBD8D81B1E1F207C00CF6685 /* LikeConstant.swift in Sources */ = {isa = PBXBuildFile; fileRef = DBD8D81A1E1F207C00CF6685 /* LikeConstant.swift */; };
/* End PBXBuildFile section */

/* Begin PBXFileReference section */
		101142501E16E661004E2E5B /* UserInfoViewCell.swift */ = {isa = PBXFileReference; fileEncoding = 4; lastKnownFileType = sourcecode.swift; name = UserInfoViewCell.swift; path = Views/UserInfoViewCell.swift; sourceTree = "<group>"; };
		105977A71E16EB5700FB3E73 /* ProfileUserImageViewCell.swift */ = {isa = PBXFileReference; fileEncoding = 4; lastKnownFileType = sourcecode.swift; name = ProfileUserImageViewCell.swift; path = Views/ProfileUserImageViewCell.swift; sourceTree = "<group>"; };
		105977A91E16EC4D00FB3E73 /* EditUserInfoViewController.swift */ = {isa = PBXFileReference; fileEncoding = 4; lastKnownFileType = sourcecode.swift; name = EditUserInfoViewController.swift; path = ViewControllers/EditUserInfoViewController.swift; sourceTree = "<group>"; };
		10DD850D1E188AB80081ECAD /* String+Validation.swift */ = {isa = PBXFileReference; fileEncoding = 4; lastKnownFileType = sourcecode.swift; name = "String+Validation.swift"; path = "Helpers/String+Validation.swift"; sourceTree = "<group>"; };
		10DD850F1E188E480081ECAD /* AlertHelper.swift */ = {isa = PBXFileReference; fileEncoding = 4; lastKnownFileType = sourcecode.swift; name = AlertHelper.swift; path = Helpers/AlertHelper.swift; sourceTree = "<group>"; };
		10DD85111E1B04430081ECAD /* SharePostViewController.swift */ = {isa = PBXFileReference; fileEncoding = 4; lastKnownFileType = sourcecode.swift; name = SharePostViewController.swift; path = ViewControllers/SharePostViewController.swift; sourceTree = "<group>"; };
		10FD1D801E21B127008EB854 /* Notification+Name.swift */ = {isa = PBXFileReference; fileEncoding = 4; lastKnownFileType = sourcecode.swift; path = "Notification+Name.swift"; sourceTree = "<group>"; };
		3FD74BFA1DB80BFC214F4C5C /* Pods-one.release.xcconfig */ = {isa = PBXFileReference; includeInIndex = 1; lastKnownFileType = text.xcconfig; name = "Pods-one.release.xcconfig"; path = "Pods/Target Support Files/Pods-one/Pods-one.release.xcconfig"; sourceTree = "<group>"; };
		AA397AD4C3420AC88AEE05D9 /* Pods_one.framework */ = {isa = PBXFileReference; explicitFileType = wrapper.framework; includeInIndex = 0; path = Pods_one.framework; sourceTree = BUILT_PRODUCTS_DIR; };
		DB1928831E284BF900F2ADD3 /* CommentViewCellModel.swift */ = {isa = PBXFileReference; fileEncoding = 4; lastKnownFileType = sourcecode.swift; name = CommentViewCellModel.swift; path = Models/CommentViewCellModel.swift; sourceTree = "<group>"; };
		DB1E55581E30237300D4AC26 /* HashtagCollectionViewController.swift */ = {isa = PBXFileReference; fileEncoding = 4; lastKnownFileType = sourcecode.swift; name = HashtagCollectionViewController.swift; path = ViewControllers/HashtagCollectionViewController.swift; sourceTree = "<group>"; };
		DB37518A1E24587B00D3EBDE /* CommentViewController.swift */ = {isa = PBXFileReference; fileEncoding = 4; lastKnownFileType = sourcecode.swift; name = CommentViewController.swift; path = ViewControllers/CommentViewController.swift; sourceTree = "<group>"; };
		DB37518C1E24591F00D3EBDE /* CommentViewCell.swift */ = {isa = PBXFileReference; fileEncoding = 4; lastKnownFileType = sourcecode.swift; name = CommentViewCell.swift; path = Views/CommentViewCell.swift; sourceTree = "<group>"; };
		DB5708801E08A31B005AA367 /* one.app */ = {isa = PBXFileReference; explicitFileType = wrapper.application; includeInIndex = 0; path = one.app; sourceTree = BUILT_PRODUCTS_DIR; };
		DB5708831E08A31B005AA367 /* AppDelegate.swift */ = {isa = PBXFileReference; lastKnownFileType = sourcecode.swift; path = AppDelegate.swift; sourceTree = "<group>"; };
		DB5708881E08A31B005AA367 /* Base */ = {isa = PBXFileReference; lastKnownFileType = file.storyboard; name = Base; path = Base.lproj/Main.storyboard; sourceTree = "<group>"; };
		DB57088A1E08A31B005AA367 /* Assets.xcassets */ = {isa = PBXFileReference; lastKnownFileType = folder.assetcatalog; path = Assets.xcassets; sourceTree = "<group>"; };
		DB57088D1E08A31B005AA367 /* Base */ = {isa = PBXFileReference; lastKnownFileType = file.storyboard; name = Base; path = Base.lproj/LaunchScreen.storyboard; sourceTree = "<group>"; };
		DB57088F1E08A31B005AA367 /* Info.plist */ = {isa = PBXFileReference; lastKnownFileType = text.plist.xml; path = Info.plist; sourceTree = "<group>"; };
		DB5708961E08A412005AA367 /* libsqlite3.tbd */ = {isa = PBXFileReference; lastKnownFileType = "sourcecode.text-based-dylib-definition"; name = libsqlite3.tbd; path = usr/lib/libsqlite3.tbd; sourceTree = SDKROOT; };
		DB5708981E08A418005AA367 /* libz.tbd */ = {isa = PBXFileReference; lastKnownFileType = "sourcecode.text-based-dylib-definition"; name = libz.tbd; path = usr/lib/libz.tbd; sourceTree = SDKROOT; };
		DB57089A1E08A41E005AA367 /* AudioToolbox.framework */ = {isa = PBXFileReference; lastKnownFileType = wrapper.framework; name = AudioToolbox.framework; path = System/Library/Frameworks/AudioToolbox.framework; sourceTree = SDKROOT; };
		DB57089C1E08A424005AA367 /* CFNetwork.framework */ = {isa = PBXFileReference; lastKnownFileType = wrapper.framework; name = CFNetwork.framework; path = System/Library/Frameworks/CFNetwork.framework; sourceTree = SDKROOT; };
		DB57089E1E08A42B005AA367 /* CoreGraphics.framework */ = {isa = PBXFileReference; lastKnownFileType = wrapper.framework; name = CoreGraphics.framework; path = System/Library/Frameworks/CoreGraphics.framework; sourceTree = SDKROOT; };
		DB5708A01E08A434005AA367 /* CoreLocation.framework */ = {isa = PBXFileReference; lastKnownFileType = wrapper.framework; name = CoreLocation.framework; path = System/Library/Frameworks/CoreLocation.framework; sourceTree = SDKROOT; };
		DB5708A21E08A43B005AA367 /* QuartzCore.framework */ = {isa = PBXFileReference; lastKnownFileType = wrapper.framework; name = QuartzCore.framework; path = System/Library/Frameworks/QuartzCore.framework; sourceTree = SDKROOT; };
		DB5708A41E08A440005AA367 /* Security.framework */ = {isa = PBXFileReference; lastKnownFileType = wrapper.framework; name = Security.framework; path = System/Library/Frameworks/Security.framework; sourceTree = SDKROOT; };
		DB5708A61E08A446005AA367 /* StoreKit.framework */ = {isa = PBXFileReference; lastKnownFileType = wrapper.framework; name = StoreKit.framework; path = System/Library/Frameworks/StoreKit.framework; sourceTree = SDKROOT; };
		DB5708A81E08A44B005AA367 /* SystemConfiguration.framework */ = {isa = PBXFileReference; lastKnownFileType = wrapper.framework; name = SystemConfiguration.framework; path = System/Library/Frameworks/SystemConfiguration.framework; sourceTree = SDKROOT; };
		DB5708AA1E08A504005AA367 /* Bolts.framework */ = {isa = PBXFileReference; lastKnownFileType = wrapper.framework; path = Bolts.framework; sourceTree = "<group>"; };
		DB5708AB1E08A504005AA367 /* Parse.framework */ = {isa = PBXFileReference; lastKnownFileType = wrapper.framework; path = Parse.framework; sourceTree = "<group>"; };
		DB6240E01E1C623D000B5CA9 /* PostViewController.swift */ = {isa = PBXFileReference; fileEncoding = 4; lastKnownFileType = sourcecode.swift; name = PostViewController.swift; path = ViewControllers/PostViewController.swift; sourceTree = "<group>"; };
		DB6240E21E1C654E000B5CA9 /* PostHeaderViewCell.swift */ = {isa = PBXFileReference; fileEncoding = 4; lastKnownFileType = sourcecode.swift; name = PostHeaderViewCell.swift; path = Views/PostHeaderViewCell.swift; sourceTree = "<group>"; };
		DB68AE621E2EF21200852BAE /* HashtagConstant.swift */ = {isa = PBXFileReference; fileEncoding = 4; lastKnownFileType = sourcecode.swift; name = HashtagConstant.swift; path = Models/HashtagConstant.swift; sourceTree = "<group>"; };
		DBA7A2EC1E39672E00244EB0 /* SearchViewCell.swift */ = {isa = PBXFileReference; fileEncoding = 4; lastKnownFileType = sourcecode.swift; name = SearchViewCell.swift; path = Views/SearchViewCell.swift; sourceTree = "<group>"; };
		DBA7A2EE1E39677600244EB0 /* SearchTableViewController.swift */ = {isa = PBXFileReference; fileEncoding = 4; lastKnownFileType = sourcecode.swift; name = SearchTableViewController.swift; path = ViewControllers/SearchTableViewController.swift; sourceTree = "<group>"; };
		DBBB934F1E32E1AE00D96DD4 /* FeedViewController.swift */ = {isa = PBXFileReference; fileEncoding = 4; lastKnownFileType = sourcecode.swift; name = FeedViewController.swift; path = ViewControllers/FeedViewController.swift; sourceTree = "<group>"; };
		DBC66B911E25B02E00AF2143 /* CommentsConstant.swift */ = {isa = PBXFileReference; fileEncoding = 4; lastKnownFileType = sourcecode.swift; name = CommentsConstant.swift; path = Models/CommentsConstant.swift; sourceTree = "<group>"; };
		DBD444611E15C15D00BCE97A /* FollowViewCell.swift */ = {isa = PBXFileReference; fileEncoding = 4; lastKnownFileType = sourcecode.swift; name = FollowViewCell.swift; path = Views/FollowViewCell.swift; sourceTree = "<group>"; };
		DBD444621E15C15D00BCE97A /* HomeHeaderCollectionView.swift */ = {isa = PBXFileReference; fileEncoding = 4; lastKnownFileType = sourcecode.swift; name = HomeHeaderCollectionView.swift; path = Views/HomeHeaderCollectionView.swift; sourceTree = "<group>"; };
		DBD444631E15C15D00BCE97A /* PictureCollectionViewCell.swift */ = {isa = PBXFileReference; fileEncoding = 4; lastKnownFileType = sourcecode.swift; name = PictureCollectionViewCell.swift; path = Views/PictureCollectionViewCell.swift; sourceTree = "<group>"; };
		DBD444671E15C16500BCE97A /* FollowConstant.swift */ = {isa = PBXFileReference; fileEncoding = 4; lastKnownFileType = sourcecode.swift; name = FollowConstant.swift; path = Models/FollowConstant.swift; sourceTree = "<group>"; };
		DBD444681E15C16500BCE97A /* InfoConstant.swift */ = {isa = PBXFileReference; fileEncoding = 4; lastKnownFileType = sourcecode.swift; name = InfoConstant.swift; path = Models/InfoConstant.swift; sourceTree = "<group>"; };
		DBD444691E15C16500BCE97A /* UserInfoHelpers.swift */ = {isa = PBXFileReference; fileEncoding = 4; lastKnownFileType = sourcecode.swift; name = UserInfoHelpers.swift; path = Models/UserInfoHelpers.swift; sourceTree = "<group>"; };
		DBD4446D1E15C16F00BCE97A /* FollowingViewController.swift */ = {isa = PBXFileReference; fileEncoding = 4; lastKnownFileType = sourcecode.swift; name = FollowingViewController.swift; path = ViewControllers/FollowingViewController.swift; sourceTree = "<group>"; };
		DBD4446E1E15C16F00BCE97A /* HomeCollectionViewController.swift */ = {isa = PBXFileReference; fileEncoding = 4; lastKnownFileType = sourcecode.swift; name = HomeCollectionViewController.swift; path = ViewControllers/HomeCollectionViewController.swift; sourceTree = "<group>"; };
		DBD4446F1E15C16F00BCE97A /* FollowersViewController.swift */ = {isa = PBXFileReference; fileEncoding = 4; lastKnownFileType = sourcecode.swift; name = FollowersViewController.swift; path = ViewControllers/FollowersViewController.swift; sourceTree = "<group>"; };
		DBD444701E15C16F00BCE97A /* SignUpViewController.swift */ = {isa = PBXFileReference; fileEncoding = 4; lastKnownFileType = sourcecode.swift; name = SignUpViewController.swift; path = ViewControllers/SignUpViewController.swift; sourceTree = "<group>"; };
		DBD444711E15C16F00BCE97A /* SignInViewController.swift */ = {isa = PBXFileReference; fileEncoding = 4; lastKnownFileType = sourcecode.swift; name = SignInViewController.swift; path = ViewControllers/SignInViewController.swift; sourceTree = "<group>"; };
		DBD444721E15C16F00BCE97A /* GuestCollectionViewController.swift */ = {isa = PBXFileReference; fileEncoding = 4; lastKnownFileType = sourcecode.swift; name = GuestCollectionViewController.swift; path = ViewControllers/GuestCollectionViewController.swift; sourceTree = "<group>"; };
		DBD444731E15C16F00BCE97A /* ResetPasswordViewController.swift */ = {isa = PBXFileReference; fileEncoding = 4; lastKnownFileType = sourcecode.swift; name = ResetPasswordViewController.swift; path = ViewControllers/ResetPasswordViewController.swift; sourceTree = "<group>"; };
		DBD4447C1E15C2F100BCE97A /* UIColor+OneColor.swift */ = {isa = PBXFileReference; fileEncoding = 4; lastKnownFileType = sourcecode.swift; name = "UIColor+OneColor.swift"; path = "Helpers/UIColor+OneColor.swift"; sourceTree = "<group>"; };
		DBD4447E1E15CA4200BCE97A /* IdentifierConstant.swift */ = {isa = PBXFileReference; fileEncoding = 4; lastKnownFileType = sourcecode.swift; name = IdentifierConstant.swift; path = Helpers/IdentifierConstant.swift; sourceTree = "<group>"; };
		DBD444801E15CFF500BCE97A /* PostConstant.swift */ = {isa = PBXFileReference; fileEncoding = 4; lastKnownFileType = sourcecode.swift; name = PostConstant.swift; path = Models/PostConstant.swift; sourceTree = "<group>"; };
		DBD8D8181E1F063500CF6685 /* TabBarController.swift */ = {isa = PBXFileReference; fileEncoding = 4; lastKnownFileType = sourcecode.swift; name = TabBarController.swift; path = ViewControllers/TabBarController.swift; sourceTree = "<group>"; };
		DBD8D81A1E1F207C00CF6685 /* LikeConstant.swift */ = {isa = PBXFileReference; fileEncoding = 4; lastKnownFileType = sourcecode.swift; name = LikeConstant.swift; path = Models/LikeConstant.swift; sourceTree = "<group>"; };
		E3C67D94383203BCBBB2626B /* Pods-one.debug.xcconfig */ = {isa = PBXFileReference; includeInIndex = 1; lastKnownFileType = text.xcconfig; name = "Pods-one.debug.xcconfig"; path = "Pods/Target Support Files/Pods-one/Pods-one.debug.xcconfig"; sourceTree = "<group>"; };
/* End PBXFileReference section */

/* Begin PBXFrameworksBuildPhase section */
		DB57087D1E08A31B005AA367 /* Frameworks */ = {
			isa = PBXFrameworksBuildPhase;
			buildActionMask = 2147483647;
			files = (
				DB5708A91E08A44B005AA367 /* SystemConfiguration.framework in Frameworks */,
				DB5708A71E08A446005AA367 /* StoreKit.framework in Frameworks */,
				DB5708A51E08A440005AA367 /* Security.framework in Frameworks */,
				DB5708A31E08A43B005AA367 /* QuartzCore.framework in Frameworks */,
				DB5708A11E08A434005AA367 /* CoreLocation.framework in Frameworks */,
				DB57089F1E08A42B005AA367 /* CoreGraphics.framework in Frameworks */,
				DB57089D1E08A424005AA367 /* CFNetwork.framework in Frameworks */,
				DB57089B1E08A41E005AA367 /* AudioToolbox.framework in Frameworks */,
				DB5708AC1E08A504005AA367 /* Bolts.framework in Frameworks */,
				DB5708991E08A418005AA367 /* libz.tbd in Frameworks */,
				DB5708AD1E08A504005AA367 /* Parse.framework in Frameworks */,
				DB5708971E08A412005AA367 /* libsqlite3.tbd in Frameworks */,
				CBBB29A49887E2D6F57721FD /* Pods_one.framework in Frameworks */,
			);
			runOnlyForDeploymentPostprocessing = 0;
		};
/* End PBXFrameworksBuildPhase section */

/* Begin PBXGroup section */
		AE971DC7EB2443563657F4DF /* Pods */ = {
			isa = PBXGroup;
			children = (
				E3C67D94383203BCBBB2626B /* Pods-one.debug.xcconfig */,
				3FD74BFA1DB80BFC214F4C5C /* Pods-one.release.xcconfig */,
			);
			name = Pods;
			sourceTree = "<group>";
		};
		DB5708771E08A31B005AA367 = {
			isa = PBXGroup;
			children = (
				DB5708821E08A31B005AA367 /* one */,
				DB5708811E08A31B005AA367 /* Products */,
				DB5708951E08A412005AA367 /* Frameworks */,
				AE971DC7EB2443563657F4DF /* Pods */,
			);
			sourceTree = "<group>";
		};
		DB5708811E08A31B005AA367 /* Products */ = {
			isa = PBXGroup;
			children = (
				DB5708801E08A31B005AA367 /* one.app */,
			);
			name = Products;
			sourceTree = "<group>";
		};
		DB5708821E08A31B005AA367 /* one */ = {
			isa = PBXGroup;
			children = (
				DBD4447B1E15C25400BCE97A /* Helpers */,
				DBD444601E15C0C100BCE97A /* Views */,
				DBD4445F1E15C0BA00BCE97A /* Models */,
				DBD4445E1E15C0AD00BCE97A /* ViewControllers */,
				DB5708871E08A31B005AA367 /* Main.storyboard */,
				DB57088C1E08A31B005AA367 /* LaunchScreen.storyboard */,
				DB5708831E08A31B005AA367 /* AppDelegate.swift */,
				DB57088A1E08A31B005AA367 /* Assets.xcassets */,
				DB57088F1E08A31B005AA367 /* Info.plist */,
			);
			path = one;
			sourceTree = "<group>";
		};
		DB5708951E08A412005AA367 /* Frameworks */ = {
			isa = PBXGroup;
			children = (
				DB5708AA1E08A504005AA367 /* Bolts.framework */,
				DB5708AB1E08A504005AA367 /* Parse.framework */,
				DB5708A81E08A44B005AA367 /* SystemConfiguration.framework */,
				DB5708A61E08A446005AA367 /* StoreKit.framework */,
				DB5708A41E08A440005AA367 /* Security.framework */,
				DB5708A21E08A43B005AA367 /* QuartzCore.framework */,
				DB5708A01E08A434005AA367 /* CoreLocation.framework */,
				DB57089E1E08A42B005AA367 /* CoreGraphics.framework */,
				DB57089C1E08A424005AA367 /* CFNetwork.framework */,
				DB57089A1E08A41E005AA367 /* AudioToolbox.framework */,
				DB5708981E08A418005AA367 /* libz.tbd */,
				DB5708961E08A412005AA367 /* libsqlite3.tbd */,
				AA397AD4C3420AC88AEE05D9 /* Pods_one.framework */,
			);
			name = Frameworks;
			sourceTree = "<group>";
		};
		DBD4445E1E15C0AD00BCE97A /* ViewControllers */ = {
			isa = PBXGroup;
			children = (
				DBD4446D1E15C16F00BCE97A /* FollowingViewController.swift */,
				DBD4446E1E15C16F00BCE97A /* HomeCollectionViewController.swift */,
				DBD4446F1E15C16F00BCE97A /* FollowersViewController.swift */,
				DBD444701E15C16F00BCE97A /* SignUpViewController.swift */,
				DBD444711E15C16F00BCE97A /* SignInViewController.swift */,
				DBD444721E15C16F00BCE97A /* GuestCollectionViewController.swift */,
				DBD444731E15C16F00BCE97A /* ResetPasswordViewController.swift */,
				105977A91E16EC4D00FB3E73 /* EditUserInfoViewController.swift */,
				10DD85111E1B04430081ECAD /* SharePostViewController.swift */,
				DB6240E01E1C623D000B5CA9 /* PostViewController.swift */,
				DBD8D8181E1F063500CF6685 /* TabBarController.swift */,
				DB37518A1E24587B00D3EBDE /* CommentViewController.swift */,
				DB1E55581E30237300D4AC26 /* HashtagCollectionViewController.swift */,
				DBBB934F1E32E1AE00D96DD4 /* FeedViewController.swift */,
				DBA7A2EE1E39677600244EB0 /* SearchTableViewController.swift */,
			);
			name = ViewControllers;
			sourceTree = "<group>";
		};
		DBD4445F1E15C0BA00BCE97A /* Models */ = {
			isa = PBXGroup;
			children = (
				DBD444671E15C16500BCE97A /* FollowConstant.swift */,
				DBD444681E15C16500BCE97A /* InfoConstant.swift */,
				DBD444691E15C16500BCE97A /* UserInfoHelpers.swift */,
				DBD444801E15CFF500BCE97A /* PostConstant.swift */,
				DBD8D81A1E1F207C00CF6685 /* LikeConstant.swift */,
				DBC66B911E25B02E00AF2143 /* CommentsConstant.swift */,
				DB1928831E284BF900F2ADD3 /* CommentViewCellModel.swift */,
				DB68AE621E2EF21200852BAE /* HashtagConstant.swift */,
			);
			name = Models;
			sourceTree = "<group>";
		};
		DBD444601E15C0C100BCE97A /* Views */ = {
			isa = PBXGroup;
			children = (
				DBD444611E15C15D00BCE97A /* FollowViewCell.swift */,
				DBD444621E15C15D00BCE97A /* HomeHeaderCollectionView.swift */,
				DBD444631E15C15D00BCE97A /* PictureCollectionViewCell.swift */,
				101142501E16E661004E2E5B /* UserInfoViewCell.swift */,
				105977A71E16EB5700FB3E73 /* ProfileUserImageViewCell.swift */,
				DB6240E21E1C654E000B5CA9 /* PostHeaderViewCell.swift */,
				DB37518C1E24591F00D3EBDE /* CommentViewCell.swift */,
				DBA7A2EC1E39672E00244EB0 /* SearchViewCell.swift */,
			);
			name = Views;
			sourceTree = "<group>";
		};
		DBD4447B1E15C25400BCE97A /* Helpers */ = {
			isa = PBXGroup;
			children = (
				DBD4447C1E15C2F100BCE97A /* UIColor+OneColor.swift */,
				DBD4447E1E15CA4200BCE97A /* IdentifierConstant.swift */,
				10DD850D1E188AB80081ECAD /* String+Validation.swift */,
				10DD850F1E188E480081ECAD /* AlertHelper.swift */,
				10FD1D801E21B127008EB854 /* Notification+Name.swift */,
			);
			name = Helpers;
			sourceTree = "<group>";
		};
/* End PBXGroup section */

/* Begin PBXNativeTarget section */
		DB57087F1E08A31B005AA367 /* one */ = {
			isa = PBXNativeTarget;
			buildConfigurationList = DB5708921E08A31B005AA367 /* Build configuration list for PBXNativeTarget "one" */;
			buildPhases = (
				59CD16DE84C59D9FB96300F6 /* [CP] Check Pods Manifest.lock */,
				DB57087C1E08A31B005AA367 /* Sources */,
				DB57087D1E08A31B005AA367 /* Frameworks */,
				DB57087E1E08A31B005AA367 /* Resources */,
				D70B55216D80E6B4F01D1CA5 /* [CP] Embed Pods Frameworks */,
				67F5670C2433BBFCA3823DD3 /* [CP] Copy Pods Resources */,
			);
			buildRules = (
			);
			dependencies = (
			);
			name = one;
			productName = one;
			productReference = DB5708801E08A31B005AA367 /* one.app */;
			productType = "com.apple.product-type.application";
		};
/* End PBXNativeTarget section */

/* Begin PBXProject section */
		DB5708781E08A31B005AA367 /* Project object */ = {
			isa = PBXProject;
			attributes = {
				LastSwiftUpdateCheck = 0810;
				LastUpgradeCheck = 0810;
				ORGANIZATIONNAME = "Kai Chen";
				TargetAttributes = {
					DB57087F1E08A31B005AA367 = {
						CreatedOnToolsVersion = 8.1;
						DevelopmentTeam = 24X86T8MC6;
						ProvisioningStyle = Automatic;
					};
				};
			};
			buildConfigurationList = DB57087B1E08A31B005AA367 /* Build configuration list for PBXProject "one" */;
			compatibilityVersion = "Xcode 3.2";
			developmentRegion = English;
			hasScannedForEncodings = 0;
			knownRegions = (
				en,
				Base,
			);
			mainGroup = DB5708771E08A31B005AA367;
			productRefGroup = DB5708811E08A31B005AA367 /* Products */;
			projectDirPath = "";
			projectRoot = "";
			targets = (
				DB57087F1E08A31B005AA367 /* one */,
			);
		};
/* End PBXProject section */

/* Begin PBXResourcesBuildPhase section */
		DB57087E1E08A31B005AA367 /* Resources */ = {
			isa = PBXResourcesBuildPhase;
			buildActionMask = 2147483647;
			files = (
				DB57088E1E08A31B005AA367 /* LaunchScreen.storyboard in Resources */,
				DB57088B1E08A31B005AA367 /* Assets.xcassets in Resources */,
				DB5708891E08A31B005AA367 /* Main.storyboard in Resources */,
			);
			runOnlyForDeploymentPostprocessing = 0;
		};
/* End PBXResourcesBuildPhase section */

/* Begin PBXShellScriptBuildPhase section */
		59CD16DE84C59D9FB96300F6 /* [CP] Check Pods Manifest.lock */ = {
			isa = PBXShellScriptBuildPhase;
			buildActionMask = 2147483647;
			files = (
			);
			inputPaths = (
			);
			name = "[CP] Check Pods Manifest.lock";
			outputPaths = (
			);
			runOnlyForDeploymentPostprocessing = 0;
			shellPath = /bin/sh;
			shellScript = "diff \"${PODS_ROOT}/../Podfile.lock\" \"${PODS_ROOT}/Manifest.lock\" > /dev/null\nif [ $? != 0 ] ; then\n    # print error to STDERR\n    echo \"error: The sandbox is not in sync with the Podfile.lock. Run 'pod install' or update your CocoaPods installation.\" >&2\n    exit 1\nfi\n";
			showEnvVarsInLog = 0;
		};
		67F5670C2433BBFCA3823DD3 /* [CP] Copy Pods Resources */ = {
			isa = PBXShellScriptBuildPhase;
			buildActionMask = 2147483647;
			files = (
			);
			inputPaths = (
			);
			name = "[CP] Copy Pods Resources";
			outputPaths = (
			);
			runOnlyForDeploymentPostprocessing = 0;
			shellPath = /bin/sh;
			shellScript = "\"${SRCROOT}/Pods/Target Support Files/Pods-one/Pods-one-resources.sh\"\n";
			showEnvVarsInLog = 0;
		};
		D70B55216D80E6B4F01D1CA5 /* [CP] Embed Pods Frameworks */ = {
			isa = PBXShellScriptBuildPhase;
			buildActionMask = 2147483647;
			files = (
			);
			inputPaths = (
			);
			name = "[CP] Embed Pods Frameworks";
			outputPaths = (
			);
			runOnlyForDeploymentPostprocessing = 0;
			shellPath = /bin/sh;
			shellScript = "\"${SRCROOT}/Pods/Target Support Files/Pods-one/Pods-one-frameworks.sh\"\n";
			showEnvVarsInLog = 0;
		};
/* End PBXShellScriptBuildPhase section */

/* Begin PBXSourcesBuildPhase section */
		DB57087C1E08A31B005AA367 /* Sources */ = {
			isa = PBXSourcesBuildPhase;
			buildActionMask = 2147483647;
			files = (
				DB37518D1E24591F00D3EBDE /* CommentViewCell.swift in Sources */,
				DB6240E11E1C623D000B5CA9 /* PostViewController.swift in Sources */,
				DBD8D8191E1F063500CF6685 /* TabBarController.swift in Sources */,
				DBD4447F1E15CA4200BCE97A /* IdentifierConstant.swift in Sources */,
				DBD444791E15C16F00BCE97A /* GuestCollectionViewController.swift in Sources */,
				DBD444771E15C16F00BCE97A /* SignUpViewController.swift in Sources */,
				DBD444751E15C16F00BCE97A /* HomeCollectionViewController.swift in Sources */,
				DB1E55591E30237300D4AC26 /* HashtagCollectionViewController.swift in Sources */,
				DBD444741E15C16F00BCE97A /* FollowingViewController.swift in Sources */,
				105977A81E16EB5700FB3E73 /* ProfileUserImageViewCell.swift in Sources */,
				DBD444761E15C16F00BCE97A /* FollowersViewController.swift in Sources */,
				DB5708841E08A31B005AA367 /* AppDelegate.swift in Sources */,
				DBA7A2ED1E39672E00244EB0 /* SearchViewCell.swift in Sources */,
				DBD444661E15C15D00BCE97A /* PictureCollectionViewCell.swift in Sources */,
				DBD444811E15CFF500BCE97A /* PostConstant.swift in Sources */,
				DBD444641E15C15D00BCE97A /* FollowViewCell.swift in Sources */,
				DBD4446B1E15C16500BCE97A /* InfoConstant.swift in Sources */,
				10DD85101E188E480081ECAD /* AlertHelper.swift in Sources */,
				DBD444781E15C16F00BCE97A /* SignInViewController.swift in Sources */,
				DB68AE631E2EF21200852BAE /* HashtagConstant.swift in Sources */,
				DBD8D81B1E1F207C00CF6685 /* LikeConstant.swift in Sources */,
				10DD850E1E188AB80081ECAD /* String+Validation.swift in Sources */,
				DBD4447D1E15C2F100BCE97A /* UIColor+OneColor.swift in Sources */,
				DB1928841E284BF900F2ADD3 /* CommentViewCellModel.swift in Sources */,
				DB6240E31E1C654E000B5CA9 /* PostHeaderViewCell.swift in Sources */,
				DBD4446C1E15C16500BCE97A /* UserInfoHelpers.swift in Sources */,
				DBD4446A1E15C16500BCE97A /* FollowConstant.swift in Sources */,
				DBD444651E15C15D00BCE97A /* HomeHeaderCollectionView.swift in Sources */,
				DBBB93501E32E1AE00D96DD4 /* FeedViewController.swift in Sources */,
				DB37518B1E24587B00D3EBDE /* CommentViewController.swift in Sources */,
				10DD85121E1B04430081ECAD /* SharePostViewController.swift in Sources */,
				DBA7A2EF1E39677600244EB0 /* SearchTableViewController.swift in Sources */,
				DBD4447A1E15C16F00BCE97A /* ResetPasswordViewController.swift in Sources */,
				10FD1D811E21B127008EB854 /* Notification+Name.swift in Sources */,
				105977AA1E16EC4D00FB3E73 /* EditUserInfoViewController.swift in Sources */,
				DBC66B921E25B02E00AF2143 /* CommentsConstant.swift in Sources */,
				101142511E16E661004E2E5B /* UserInfoViewCell.swift in Sources */,
			);
			runOnlyForDeploymentPostprocessing = 0;
		};
/* End PBXSourcesBuildPhase section */

/* Begin PBXVariantGroup section */
		DB5708871E08A31B005AA367 /* Main.storyboard */ = {
			isa = PBXVariantGroup;
			children = (
				DB5708881E08A31B005AA367 /* Base */,
			);
			name = Main.storyboard;
			sourceTree = "<group>";
		};
		DB57088C1E08A31B005AA367 /* LaunchScreen.storyboard */ = {
			isa = PBXVariantGroup;
			children = (
				DB57088D1E08A31B005AA367 /* Base */,
			);
			name = LaunchScreen.storyboard;
			sourceTree = "<group>";
		};
/* End PBXVariantGroup section */

/* Begin XCBuildConfiguration section */
		DB5708901E08A31B005AA367 /* Debug */ = {
			isa = XCBuildConfiguration;
			buildSettings = {
				ALWAYS_SEARCH_USER_PATHS = NO;
				CLANG_ANALYZER_NONNULL = YES;
				CLANG_CXX_LANGUAGE_STANDARD = "gnu++0x";
				CLANG_CXX_LIBRARY = "libc++";
				CLANG_ENABLE_MODULES = YES;
				CLANG_ENABLE_OBJC_ARC = YES;
				CLANG_WARN_BOOL_CONVERSION = YES;
				CLANG_WARN_CONSTANT_CONVERSION = YES;
				CLANG_WARN_DIRECT_OBJC_ISA_USAGE = YES_ERROR;
				CLANG_WARN_DOCUMENTATION_COMMENTS = YES;
				CLANG_WARN_EMPTY_BODY = YES;
				CLANG_WARN_ENUM_CONVERSION = YES;
				CLANG_WARN_INFINITE_RECURSION = YES;
				CLANG_WARN_INT_CONVERSION = YES;
				CLANG_WARN_OBJC_ROOT_CLASS = YES_ERROR;
				CLANG_WARN_SUSPICIOUS_MOVES = YES;
				CLANG_WARN_UNREACHABLE_CODE = YES;
				CLANG_WARN__DUPLICATE_METHOD_MATCH = YES;
				"CODE_SIGN_IDENTITY[sdk=iphoneos*]" = "iPhone Developer";
				COPY_PHASE_STRIP = NO;
				DEBUG_INFORMATION_FORMAT = dwarf;
				ENABLE_STRICT_OBJC_MSGSEND = YES;
				ENABLE_TESTABILITY = YES;
				GCC_C_LANGUAGE_STANDARD = gnu99;
				GCC_DYNAMIC_NO_PIC = NO;
				GCC_NO_COMMON_BLOCKS = YES;
				GCC_OPTIMIZATION_LEVEL = 0;
				GCC_PREPROCESSOR_DEFINITIONS = (
					"DEBUG=1",
					"$(inherited)",
				);
				GCC_WARN_64_TO_32_BIT_CONVERSION = YES;
				GCC_WARN_ABOUT_RETURN_TYPE = YES_ERROR;
				GCC_WARN_UNDECLARED_SELECTOR = YES;
				GCC_WARN_UNINITIALIZED_AUTOS = YES_AGGRESSIVE;
				GCC_WARN_UNUSED_FUNCTION = YES;
				GCC_WARN_UNUSED_VARIABLE = YES;
				IPHONEOS_DEPLOYMENT_TARGET = 10.1;
				MTL_ENABLE_DEBUG_INFO = YES;
				ONLY_ACTIVE_ARCH = YES;
				SDKROOT = iphoneos;
				SWIFT_ACTIVE_COMPILATION_CONDITIONS = DEBUG;
				SWIFT_OPTIMIZATION_LEVEL = "-Onone";
				TARGETED_DEVICE_FAMILY = "1,2";
			};
			name = Debug;
		};
		DB5708911E08A31B005AA367 /* Release */ = {
			isa = XCBuildConfiguration;
			buildSettings = {
				ALWAYS_SEARCH_USER_PATHS = NO;
				CLANG_ANALYZER_NONNULL = YES;
				CLANG_CXX_LANGUAGE_STANDARD = "gnu++0x";
				CLANG_CXX_LIBRARY = "libc++";
				CLANG_ENABLE_MODULES = YES;
				CLANG_ENABLE_OBJC_ARC = YES;
				CLANG_WARN_BOOL_CONVERSION = YES;
				CLANG_WARN_CONSTANT_CONVERSION = YES;
				CLANG_WARN_DIRECT_OBJC_ISA_USAGE = YES_ERROR;
				CLANG_WARN_DOCUMENTATION_COMMENTS = YES;
				CLANG_WARN_EMPTY_BODY = YES;
				CLANG_WARN_ENUM_CONVERSION = YES;
				CLANG_WARN_INFINITE_RECURSION = YES;
				CLANG_WARN_INT_CONVERSION = YES;
				CLANG_WARN_OBJC_ROOT_CLASS = YES_ERROR;
				CLANG_WARN_SUSPICIOUS_MOVES = YES;
				CLANG_WARN_UNREACHABLE_CODE = YES;
				CLANG_WARN__DUPLICATE_METHOD_MATCH = YES;
				"CODE_SIGN_IDENTITY[sdk=iphoneos*]" = "iPhone Developer";
				COPY_PHASE_STRIP = NO;
				DEBUG_INFORMATION_FORMAT = "dwarf-with-dsym";
				ENABLE_NS_ASSERTIONS = NO;
				ENABLE_STRICT_OBJC_MSGSEND = YES;
				GCC_C_LANGUAGE_STANDARD = gnu99;
				GCC_NO_COMMON_BLOCKS = YES;
				GCC_WARN_64_TO_32_BIT_CONVERSION = YES;
				GCC_WARN_ABOUT_RETURN_TYPE = YES_ERROR;
				GCC_WARN_UNDECLARED_SELECTOR = YES;
				GCC_WARN_UNINITIALIZED_AUTOS = YES_AGGRESSIVE;
				GCC_WARN_UNUSED_FUNCTION = YES;
				GCC_WARN_UNUSED_VARIABLE = YES;
				IPHONEOS_DEPLOYMENT_TARGET = 10.1;
				MTL_ENABLE_DEBUG_INFO = NO;
				SDKROOT = iphoneos;
				SWIFT_OPTIMIZATION_LEVEL = "-Owholemodule";
				TARGETED_DEVICE_FAMILY = "1,2";
				VALIDATE_PRODUCT = YES;
			};
			name = Release;
		};
		DB5708931E08A31B005AA367 /* Debug */ = {
			isa = XCBuildConfiguration;
			baseConfigurationReference = E3C67D94383203BCBBB2626B /* Pods-one.debug.xcconfig */;
			buildSettings = {
				ASSETCATALOG_COMPILER_APPICON_NAME = AppIcon;
				DEVELOPMENT_TEAM = 24X86T8MC6;
				FRAMEWORK_SEARCH_PATHS = (
					"$(inherited)",
					"$(PROJECT_DIR)",
				);
				INFOPLIST_FILE = one/Info.plist;
				IPHONEOS_DEPLOYMENT_TARGET = 10.0;
				LD_RUNPATH_SEARCH_PATHS = "$(inherited) @executable_path/Frameworks";
				PRODUCT_BUNDLE_IDENTIFIER = com.tripadvisor.devbuild;
				PRODUCT_NAME = "$(TARGET_NAME)";
				SWIFT_VERSION = 3.0;
				TARGETED_DEVICE_FAMILY = 1;
			};
			name = Debug;
		};
		DB5708941E08A31B005AA367 /* Release */ = {
			isa = XCBuildConfiguration;
			baseConfigurationReference = 3FD74BFA1DB80BFC214F4C5C /* Pods-one.release.xcconfig */;
			buildSettings = {
				ASSETCATALOG_COMPILER_APPICON_NAME = AppIcon;
				DEVELOPMENT_TEAM = 24X86T8MC6;
				FRAMEWORK_SEARCH_PATHS = (
					"$(inherited)",
					"$(PROJECT_DIR)",
				);
				INFOPLIST_FILE = one/Info.plist;
				IPHONEOS_DEPLOYMENT_TARGET = 10.0;
				LD_RUNPATH_SEARCH_PATHS = "$(inherited) @executable_path/Frameworks";
				PRODUCT_BUNDLE_IDENTIFIER = com.tripadvisor.devbuild;
				PRODUCT_NAME = "$(TARGET_NAME)";
				SWIFT_VERSION = 3.0;
				TARGETED_DEVICE_FAMILY = 1;
			};
			name = Release;
		};
/* End XCBuildConfiguration section */

/* Begin XCConfigurationList section */
		DB57087B1E08A31B005AA367 /* Build configuration list for PBXProject "one" */ = {
			isa = XCConfigurationList;
			buildConfigurations = (
				DB5708901E08A31B005AA367 /* Debug */,
				DB5708911E08A31B005AA367 /* Release */,
			);
			defaultConfigurationIsVisible = 0;
			defaultConfigurationName = Release;
		};
		DB5708921E08A31B005AA367 /* Build configuration list for PBXNativeTarget "one" */ = {
			isa = XCConfigurationList;
			buildConfigurations = (
				DB5708931E08A31B005AA367 /* Debug */,
				DB5708941E08A31B005AA367 /* Release */,
			);
			defaultConfigurationIsVisible = 0;
			defaultConfigurationName = Release;
		};
/* End XCConfigurationList section */
	};
	rootObject = DB5708781E08A31B005AA367 /* Project object */;
}
